schema: '2.0'
stages:
  data_proc:
    cmd: python preprocess/preprocess.py
    deps:
    - path: data/census.csv
      hash: md5
      md5: 145de00f6e6053d3f7044628f9a5b5ff
      size: 3974474
    - path: preprocess/preprocess.py
      hash: md5
      md5: 13e9538ad22ca1296dded9fff211dd01
      size: 179
    outs:
    - path: data/cleaned_census.csv
      hash: md5
      md5: 5eb5d1a4862601d030cce8c291532512
      size: 3808816
  train_model:
    cmd: python starter/train_model.py
    deps:
    - path: data/cleaned_census.csv
      hash: md5
      md5: 5eb5d1a4862601d030cce8c291532512
      size: 3808816
    - path: starter/train_model.py
      hash: md5
      md5: aa5c93868ef1e1a4814f3660dbeb9f51
      size: 2413
    outs:
    - path: model/encoder.pkl
      hash: md5
      md5: 813b7f6cea97e0c49e65b518040edf78
      size: 2104
    - path: model/train_metrics.yaml
      hash: md5
      md5: 46a823ccc0fde34e2ef30c154fc2d355
      size: 71
    - path: model/trained_model.pkl
      hash: md5
      md5: c452e245a62c81278bef7f0a1d44ff3d
      size: 603803
