schema: '2.0'
stages:
  data_proc:
    cmd: python preprocess/preprocess.py
    deps:
    - path: data/census.csv
      hash: md5
      md5: 145de00f6e6053d3f7044628f9a5b5ff
      size: 3974474
    - path: preprocess/preprocess.py
      hash: md5
      md5: 637354ffdc7e5392d15042552baea387
      size: 166
    outs:
    - path: data/cleaned_census.csv
      hash: md5
      md5: 4bc48bdd9356eac2d7fc99aec992d1c0
      size: 3992932
  train_model:
    cmd: python starter/train_model.py
    deps:
    - path: data/cleaned_census.csv
      hash: md5
      md5: 4bc48bdd9356eac2d7fc99aec992d1c0
      size: 3992932
    - path: starter/train_model.py
      hash: md5
      md5: 31e2abaee62605e90a0d680b3e5cd710
      size: 2116
    outs:
    - path: model/encoder.pkl
      hash: md5
      md5: 813b7f6cea97e0c49e65b518040edf78
      size: 2104
    - path: model/train_metrics.yaml
      hash: md5
      md5: 36571b9fa497492f4a107a86030767ab
      size: 83
    - path: model/trained_model.pkl
      hash: md5
      md5: 8971742d9835420e006a31dd19a973df
      size: 529883
